
Microsoft Visual Studio Solution File, Format Version 12.00
# Visual Studio Version 16
VisualStudioVersion = 16.0.31005.135
MinimumVisualStudioVersion = 10.0.40219.1
Project("{9A19103F-16F7-4668-BE54-9A1E7A4F7556}") = "Deneme", "Deneme\Deneme.csproj", "{8F0A1C41-5191-4ACC-A492-D278BDF0E970}"
EndProject
Global
	GlobalSection(SolutionConfigurationPlatforms) = preSolution
		Debug|Any CPU = Debug|Any CPU
		Release|Any CPU = Release|Any CPU
	EndGlobalSection
	GlobalSection(ProjectConfigurationPlatforms) = postSolution
		{8F0A1C41-5191-4ACC-A492-D278BDF0E970}.Debug|Any CPU.ActiveCfg = Debug|Any CPU
		{8F0A1C41-5191-4ACC-A492-D278BDF0E970}.Debug|Any CPU.Build.0 = Debug|Any CPU
		{8F0A1C41-5191-4ACC-A492-D278BDF0E970}.Release|Any CPU.ActiveCfg = Release|Any CPU
		{8F0A1C41-5191-4ACC-A492-D278BDF0E970}.Release|Any CPU.Build.0 = Release|Any CPU
	EndGlobalSection
	GlobalSection(SolutionProperties) = preSolution
		HideSolutionNode = FALSE
	EndGlobalSection
	GlobalSection(ExtensibilityGlobals) = postSolution
		SolutionGuid = {25056348-832A-4E66-A465-9FFEC010DAE4}
	EndGlobalSection
EndGlobal
